
Microsoft Visual Studio Solution File, Format Version 12.00
# Visual Studio 15
VisualStudioVersion = 15.0.26730.12
MinimumVisualStudioVersion = 10.0.40219.1
Project("{9092AA53-FB77-4645-B42D-1CCCA6BD08BD}") = "01ExcellentResult", "01ExcellentResult\01ExcellentResult.njsproj", "{F4DA4C3C-8363-4BF9-9A2B-93AF9FBFD871}"
EndProject
Project("{9092AA53-FB77-4645-B42D-1CCCA6BD08BD}") = "02ExcellentOrNot", "02ExcellentOrNot\02ExcellentOrNot.njsproj", "{E756A2BE-8355-4103-A2D5-B2F2B5A717B0}"
EndProject
Project("{9092AA53-FB77-4645-B42D-1CCCA6BD08BD}") = "03EvenOrOdd", "03EvenOrOdd\03EvenOrOdd.njsproj", "{855E738A-581F-483E-8032-4497AB0B2B6A}"
EndProject
Project("{9092AA53-FB77-4645-B42D-1CCCA6BD08BD}") = "04GreaterNumber", "04GreaterNumber\04GreaterNumber.njsproj", "{E82AF927-752C-4EB1-8EFD-A4A28104E1C1}"
EndProject
Project("{9092AA53-FB77-4645-B42D-1CCCA6BD08BD}") = "05Number0_9ToText", "05Number0_9ToText\05Number0_9ToText.njsproj", "{674E41CA-CBD6-4325-AC67-7E0601C2259F}"
EndProject
Project("{9092AA53-FB77-4645-B42D-1CCCA6BD08BD}") = "06BonusScore", "06BonusScore\06BonusScore.njsproj", "{F72D1985-ABFA-478E-B710-81B22FD39D78}"
EndProject
Project("{9092AA53-FB77-4645-B42D-1CCCA6BD08BD}") = "07SumSeconds", "07SumSeconds\07SumSeconds.njsproj", "{94670024-0C77-4499-ABB2-A703DE1FA6CF}"
EndProject
Project("{9092AA53-FB77-4645-B42D-1CCCA6BD08BD}") = "08MetricConverter", "08MetricConverter\08MetricConverter.njsproj", "{26F73FC6-99E3-4C8B-8524-7D3095C1A340}"
EndProject
Project("{9092AA53-FB77-4645-B42D-1CCCA6BD08BD}") = "09PasswordGuess", "09PasswordGuess\09PasswordGuess.njsproj", "{B29271D5-EFC2-4990-BFA3-764D7D10C56E}"
EndProject
Project("{9092AA53-FB77-4645-B42D-1CCCA6BD08BD}") = "10Number100To200", "10Number100To200\10Number100To200.njsproj", "{9469E6FC-569E-406E-BC39-D421D036EE9F}"
EndProject
Project("{9092AA53-FB77-4645-B42D-1CCCA6BD08BD}") = "11EqualWords", "11EqualWords\11EqualWords.njsproj", "{C4F20466-C4C2-4F15-A8D1-8B13628924C7}"
EndProject
Project("{9092AA53-FB77-4645-B42D-1CCCA6BD08BD}") = "12SpeedInfo", "12SpeedInfo\12SpeedInfo.njsproj", "{8D82797E-80B5-43AE-A312-7C6CF07156D9}"
EndProject
Project("{9092AA53-FB77-4645-B42D-1CCCA6BD08BD}") = "13AreaOfFigures", "13AreaOfFigures\13AreaOfFigures.njsproj", "{FBC40D2D-1BBC-49E3-9076-3C730E50B89D}"
EndProject
Project("{9092AA53-FB77-4645-B42D-1CCCA6BD08BD}") = "14Time15Minutes", "14Time15Minutes\14Time15Minutes.njsproj", "{A1CA11E5-28FB-4B47-A525-F93E87BD2AA0}"
EndProject
Project("{9092AA53-FB77-4645-B42D-1CCCA6BD08BD}") = "153EqualNumbers", "153EqualNumbers\153EqualNumbers.njsproj", "{A005FFD1-463D-462F-AB1C-6A8E6AE68223}"
EndProject
Project("{9092AA53-FB77-4645-B42D-1CCCA6BD08BD}") = "16Number0To100ToText", "16Number0To100ToText\16Number0To100ToText.njsproj", "{167D5F19-7CA1-43BA-B359-39601180F8D7}"
EndProject
Global
	GlobalSection(SolutionConfigurationPlatforms) = preSolution
		Debug|Any CPU = Debug|Any CPU
		Release|Any CPU = Release|Any CPU
	EndGlobalSection
	GlobalSection(ProjectConfigurationPlatforms) = postSolution
		{F4DA4C3C-8363-4BF9-9A2B-93AF9FBFD871}.Debug|Any CPU.ActiveCfg = Debug|Any CPU
		{F4DA4C3C-8363-4BF9-9A2B-93AF9FBFD871}.Debug|Any CPU.Build.0 = Debug|Any CPU
		{F4DA4C3C-8363-4BF9-9A2B-93AF9FBFD871}.Release|Any CPU.ActiveCfg = Release|Any CPU
		{F4DA4C3C-8363-4BF9-9A2B-93AF9FBFD871}.Release|Any CPU.Build.0 = Release|Any CPU
		{E756A2BE-8355-4103-A2D5-B2F2B5A717B0}.Debug|Any CPU.ActiveCfg = Debug|Any CPU
		{E756A2BE-8355-4103-A2D5-B2F2B5A717B0}.Debug|Any CPU.Build.0 = Debug|Any CPU
		{E756A2BE-8355-4103-A2D5-B2F2B5A717B0}.Release|Any CPU.ActiveCfg = Release|Any CPU
		{E756A2BE-8355-4103-A2D5-B2F2B5A717B0}.Release|Any CPU.Build.0 = Release|Any CPU
		{855E738A-581F-483E-8032-4497AB0B2B6A}.Debug|Any CPU.ActiveCfg = Debug|Any CPU
		{855E738A-581F-483E-8032-4497AB0B2B6A}.Debug|Any CPU.Build.0 = Debug|Any CPU
		{855E738A-581F-483E-8032-4497AB0B2B6A}.Release|Any CPU.ActiveCfg = Release|Any CPU
		{855E738A-581F-483E-8032-4497AB0B2B6A}.Release|Any CPU.Build.0 = Release|Any CPU
		{E82AF927-752C-4EB1-8EFD-A4A28104E1C1}.Debug|Any CPU.ActiveCfg = Debug|Any CPU
		{E82AF927-752C-4EB1-8EFD-A4A28104E1C1}.Debug|Any CPU.Build.0 = Debug|Any CPU
		{E82AF927-752C-4EB1-8EFD-A4A28104E1C1}.Release|Any CPU.ActiveCfg = Release|Any CPU
		{E82AF927-752C-4EB1-8EFD-A4A28104E1C1}.Release|Any CPU.Build.0 = Release|Any CPU
		{674E41CA-CBD6-4325-AC67-7E0601C2259F}.Debug|Any CPU.ActiveCfg = Debug|Any CPU
		{674E41CA-CBD6-4325-AC67-7E0601C2259F}.Debug|Any CPU.Build.0 = Debug|Any CPU
		{674E41CA-CBD6-4325-AC67-7E0601C2259F}.Release|Any CPU.ActiveCfg = Release|Any CPU
		{674E41CA-CBD6-4325-AC67-7E0601C2259F}.Release|Any CPU.Build.0 = Release|Any CPU
		{F72D1985-ABFA-478E-B710-81B22FD39D78}.Debug|Any CPU.ActiveCfg = Debug|Any CPU
		{F72D1985-ABFA-478E-B710-81B22FD39D78}.Debug|Any CPU.Build.0 = Debug|Any CPU
		{F72D1985-ABFA-478E-B710-81B22FD39D78}.Release|Any CPU.ActiveCfg = Release|Any CPU
		{F72D1985-ABFA-478E-B710-81B22FD39D78}.Release|Any CPU.Build.0 = Release|Any CPU
		{94670024-0C77-4499-ABB2-A703DE1FA6CF}.Debug|Any CPU.ActiveCfg = Debug|Any CPU
		{94670024-0C77-4499-ABB2-A703DE1FA6CF}.Debug|Any CPU.Build.0 = Debug|Any CPU
		{94670024-0C77-4499-ABB2-A703DE1FA6CF}.Release|Any CPU.ActiveCfg = Release|Any CPU
		{94670024-0C77-4499-ABB2-A703DE1FA6CF}.Release|Any CPU.Build.0 = Release|Any CPU
		{26F73FC6-99E3-4C8B-8524-7D3095C1A340}.Debug|Any CPU.ActiveCfg = Debug|Any CPU
		{26F73FC6-99E3-4C8B-8524-7D3095C1A340}.Debug|Any CPU.Build.0 = Debug|Any CPU
		{26F73FC6-99E3-4C8B-8524-7D3095C1A340}.Release|Any CPU.ActiveCfg = Release|Any CPU
		{26F73FC6-99E3-4C8B-8524-7D3095C1A340}.Release|Any CPU.Build.0 = Release|Any CPU
		{B29271D5-EFC2-4990-BFA3-764D7D10C56E}.Debug|Any CPU.ActiveCfg = Debug|Any CPU
		{B29271D5-EFC2-4990-BFA3-764D7D10C56E}.Debug|Any CPU.Build.0 = Debug|Any CPU
		{B29271D5-EFC2-4990-BFA3-764D7D10C56E}.Release|Any CPU.ActiveCfg = Release|Any CPU
		{B29271D5-EFC2-4990-BFA3-764D7D10C56E}.Release|Any CPU.Build.0 = Release|Any CPU
		{9469E6FC-569E-406E-BC39-D421D036EE9F}.Debug|Any CPU.ActiveCfg = Debug|Any CPU
		{9469E6FC-569E-406E-BC39-D421D036EE9F}.Debug|Any CPU.Build.0 = Debug|Any CPU
		{9469E6FC-569E-406E-BC39-D421D036EE9F}.Release|Any CPU.ActiveCfg = Release|Any CPU
		{9469E6FC-569E-406E-BC39-D421D036EE9F}.Release|Any CPU.Build.0 = Release|Any CPU
		{C4F20466-C4C2-4F15-A8D1-8B13628924C7}.Debug|Any CPU.ActiveCfg = Debug|Any CPU
		{C4F20466-C4C2-4F15-A8D1-8B13628924C7}.Debug|Any CPU.Build.0 = Debug|Any CPU
		{C4F20466-C4C2-4F15-A8D1-8B13628924C7}.Release|Any CPU.ActiveCfg = Release|Any CPU
		{C4F20466-C4C2-4F15-A8D1-8B13628924C7}.Release|Any CPU.Build.0 = Release|Any CPU
		{8D82797E-80B5-43AE-A312-7C6CF07156D9}.Debug|Any CPU.ActiveCfg = Debug|Any CPU
		{8D82797E-80B5-43AE-A312-7C6CF07156D9}.Debug|Any CPU.Build.0 = Debug|Any CPU
		{8D82797E-80B5-43AE-A312-7C6CF07156D9}.Release|Any CPU.ActiveCfg = Release|Any CPU
		{8D82797E-80B5-43AE-A312-7C6CF07156D9}.Release|Any CPU.Build.0 = Release|Any CPU
		{FBC40D2D-1BBC-49E3-9076-3C730E50B89D}.Debug|Any CPU.ActiveCfg = Debug|Any CPU
		{FBC40D2D-1BBC-49E3-9076-3C730E50B89D}.Debug|Any CPU.Build.0 = Debug|Any CPU
		{FBC40D2D-1BBC-49E3-9076-3C730E50B89D}.Release|Any CPU.ActiveCfg = Release|Any CPU
		{FBC40D2D-1BBC-49E3-9076-3C730E50B89D}.Release|Any CPU.Build.0 = Release|Any CPU
		{A1CA11E5-28FB-4B47-A525-F93E87BD2AA0}.Debug|Any CPU.ActiveCfg = Debug|Any CPU
		{A1CA11E5-28FB-4B47-A525-F93E87BD2AA0}.Debug|Any CPU.Build.0 = Debug|Any CPU
		{A1CA11E5-28FB-4B47-A525-F93E87BD2AA0}.Release|Any CPU.ActiveCfg = Release|Any CPU
		{A1CA11E5-28FB-4B47-A525-F93E87BD2AA0}.Release|Any CPU.Build.0 = Release|Any CPU
		{A005FFD1-463D-462F-AB1C-6A8E6AE68223}.Debug|Any CPU.ActiveCfg = Debug|Any CPU
		{A005FFD1-463D-462F-AB1C-6A8E6AE68223}.Debug|Any CPU.Build.0 = Debug|Any CPU
		{A005FFD1-463D-462F-AB1C-6A8E6AE68223}.Release|Any CPU.ActiveCfg = Release|Any CPU
		{A005FFD1-463D-462F-AB1C-6A8E6AE68223}.Release|Any CPU.Build.0 = Release|Any CPU
		{167D5F19-7CA1-43BA-B359-39601180F8D7}.Debug|Any CPU.ActiveCfg = Debug|Any CPU
		{167D5F19-7CA1-43BA-B359-39601180F8D7}.Debug|Any CPU.Build.0 = Debug|Any CPU
		{167D5F19-7CA1-43BA-B359-39601180F8D7}.Release|Any CPU.ActiveCfg = Release|Any CPU
		{167D5F19-7CA1-43BA-B359-39601180F8D7}.Release|Any CPU.Build.0 = Release|Any CPU
	EndGlobalSection
	GlobalSection(SolutionProperties) = preSolution
		HideSolutionNode = FALSE
	EndGlobalSection
	GlobalSection(ExtensibilityGlobals) = postSolution
		SolutionGuid = {8C519C0E-412C-4610-87CF-ABCE87D1D1DF}
	EndGlobalSection
EndGlobal
